
Microsoft Visual Studio Solution File, Format Version 12.00
# Visual Studio Version 17
VisualStudioVersion = 17.8.34525.116
MinimumVisualStudioVersion = 10.0.40219.1
Project("{8BC9CEB8-8B4A-11D0-8D11-00A0C91BC942}") = "Vilage", "Vilage.vcxproj", "{391EAAA8-F1C3-40B6-A398-C0D71D415D3D}"
EndProject
Global
	GlobalSection(SolutionConfigurationPlatforms) = preSolution
		Debug|x64 = Debug|x64
		Debug|x86 = Debug|x86
		Release|x64 = Release|x64
		Release|x86 = Release|x86
	EndGlobalSection
	GlobalSection(ProjectConfigurationPlatforms) = postSolution
		{391EAAA8-F1C3-40B6-A398-C0D71D415D3D}.Debug|x64.ActiveCfg = Debug|x64
		{391EAAA8-F1C3-40B6-A398-C0D71D415D3D}.Debug|x64.Build.0 = Debug|x64
		{391EAAA8-F1C3-40B6-A398-C0D71D415D3D}.Debug|x86.ActiveCfg = Debug|Win32
		{391EAAA8-F1C3-40B6-A398-C0D71D415D3D}.Debug|x86.Build.0 = Debug|Win32
		{391EAAA8-F1C3-40B6-A398-C0D71D415D3D}.Release|x64.ActiveCfg = Release|x64
		{391EAAA8-F1C3-40B6-A398-C0D71D415D3D}.Release|x64.Build.0 = Release|x64
		{391EAAA8-F1C3-40B6-A398-C0D71D415D3D}.Release|x86.ActiveCfg = Release|Win32
		{391EAAA8-F1C3-40B6-A398-C0D71D415D3D}.Release|x86.Build.0 = Release|Win32
	EndGlobalSection
	GlobalSection(SolutionProperties) = preSolution
		HideSolutionNode = FALSE
	EndGlobalSection
	GlobalSection(ExtensibilityGlobals) = postSolution
		SolutionGuid = {4B4C0560-0858-413C-8D8D-B899E6962CE1}
	EndGlobalSection
EndGlobal
